
Microsoft Visual Studio Solution File, Format Version 12.00
# Visual Studio 15
VisualStudioVersion = 15.0.28307.489
MinimumVisualStudioVersion = 10.0.40219.1
Project("{FAE04EC0-301F-11D3-BF4B-00C04F79EFBC}") = "EntityFrameworkDatabaseFirstApp(JustConsoleApp)", "EntityFrameworkDatabaseFirstApp(JustConsoleApp)\EntityFrameworkDatabaseFirstApp(JustConsoleApp).csproj", "{89C1C3F6-86E3-4B97-AE59-419927E4322B}"
EndProject
Global
	GlobalSection(SolutionConfigurationPlatforms) = preSolution
		Debug|Any CPU = Debug|Any CPU
		Release|Any CPU = Release|Any CPU
	EndGlobalSection
	GlobalSection(ProjectConfigurationPlatforms) = postSolution
		{89C1C3F6-86E3-4B97-AE59-419927E4322B}.Debug|Any CPU.ActiveCfg = Debug|Any CPU
		{89C1C3F6-86E3-4B97-AE59-419927E4322B}.Debug|Any CPU.Build.0 = Debug|Any CPU
		{89C1C3F6-86E3-4B97-AE59-419927E4322B}.Release|Any CPU.ActiveCfg = Release|Any CPU
		{89C1C3F6-86E3-4B97-AE59-419927E4322B}.Release|Any CPU.Build.0 = Release|Any CPU
	EndGlobalSection
	GlobalSection(SolutionProperties) = preSolution
		HideSolutionNode = FALSE
	EndGlobalSection
	GlobalSection(ExtensibilityGlobals) = postSolution
		SolutionGuid = {E3D47351-9D57-45BB-923A-939020E22E4B}
	EndGlobalSection
EndGlobal
