
Microsoft Visual Studio Solution File, Format Version 12.00
# Visual Studio 15
VisualStudioVersion = 15.0.28307.489
MinimumVisualStudioVersion = 10.0.40219.1
Project("{FAE04EC0-301F-11D3-BF4B-00C04F79EFBC}") = "FootballApplication_CodeFirst(ConsoleApp)", "FootballApplication_CodeFirst(ConsoleApp)\FootballApplication_CodeFirst(ConsoleApp).csproj", "{CAE1D2FD-C994-4944-A129-0DC42D77DD2E}"
EndProject
Global
	GlobalSection(SolutionConfigurationPlatforms) = preSolution
		Debug|Any CPU = Debug|Any CPU
		Release|Any CPU = Release|Any CPU
	EndGlobalSection
	GlobalSection(ProjectConfigurationPlatforms) = postSolution
		{CAE1D2FD-C994-4944-A129-0DC42D77DD2E}.Debug|Any CPU.ActiveCfg = Debug|Any CPU
		{CAE1D2FD-C994-4944-A129-0DC42D77DD2E}.Debug|Any CPU.Build.0 = Debug|Any CPU
		{CAE1D2FD-C994-4944-A129-0DC42D77DD2E}.Release|Any CPU.ActiveCfg = Release|Any CPU
		{CAE1D2FD-C994-4944-A129-0DC42D77DD2E}.Release|Any CPU.Build.0 = Release|Any CPU
	EndGlobalSection
	GlobalSection(SolutionProperties) = preSolution
		HideSolutionNode = FALSE
	EndGlobalSection
	GlobalSection(ExtensibilityGlobals) = postSolution
		SolutionGuid = {44ED5CF0-BC17-4ED5-AD1A-07BAD294C490}
	EndGlobalSection
EndGlobal
