
Microsoft Visual Studio Solution File, Format Version 12.00
# Visual Studio 15
VisualStudioVersion = 15.0.28307.489
MinimumVisualStudioVersion = 10.0.40219.1
Project("{FAE04EC0-301F-11D3-BF4B-00C04F79EFBC}") = "FootballApp_AutomaticMigrationEnabled=false", "FootballApp_AutomaticMigrationEnabled=false\FootballApp_AutomaticMigrationEnabled=false.csproj", "{5E81ACB0-4F27-477B-B11D-72ABA71A8537}"
EndProject
Global
	GlobalSection(SolutionConfigurationPlatforms) = preSolution
		Debug|Any CPU = Debug|Any CPU
		Release|Any CPU = Release|Any CPU
	EndGlobalSection
	GlobalSection(ProjectConfigurationPlatforms) = postSolution
		{5E81ACB0-4F27-477B-B11D-72ABA71A8537}.Debug|Any CPU.ActiveCfg = Debug|Any CPU
		{5E81ACB0-4F27-477B-B11D-72ABA71A8537}.Debug|Any CPU.Build.0 = Debug|Any CPU
		{5E81ACB0-4F27-477B-B11D-72ABA71A8537}.Release|Any CPU.ActiveCfg = Release|Any CPU
		{5E81ACB0-4F27-477B-B11D-72ABA71A8537}.Release|Any CPU.Build.0 = Release|Any CPU
	EndGlobalSection
	GlobalSection(SolutionProperties) = preSolution
		HideSolutionNode = FALSE
	EndGlobalSection
	GlobalSection(ExtensibilityGlobals) = postSolution
		SolutionGuid = {47735103-AE99-4D11-8CCC-54AE51D20635}
	EndGlobalSection
EndGlobal
